
Microsoft Visual Studio Solution File, Format Version 12.00
# Visual Studio Version 17
VisualStudioVersion = 17.6.33723.286
MinimumVisualStudioVersion = 10.0.40219.1
Project("{2150E333-8FDC-42A3-9474-1A3956D46DE8}") = "src", "src", "{2091A63F-A197-4395-BB09-0722C4A01152}"
EndProject
Project("{2150E333-8FDC-42A3-9474-1A3956D46DE8}") = "tests", "tests", "{CCD7C417-8F94-4406-9B39-5F6F06109F22}"
EndProject
Project("{2150E333-8FDC-42A3-9474-1A3956D46DE8}") = "Core", "Core", "{9555608B-E771-4715-B401-753F4C9D0CE5}"
EndProject
Project("{2150E333-8FDC-42A3-9474-1A3956D46DE8}") = "Infrastructure", "Infrastructure", "{5DF1AD7D-2474-460C-B792-EEA6332F4909}"
EndProject
Project("{2150E333-8FDC-42A3-9474-1A3956D46DE8}") = "Unit", "Unit", "{560CCBA1-85A2-4C39-89C1-23CF2D965BF3}"
EndProject
Project("{2150E333-8FDC-42A3-9474-1A3956D46DE8}") = "Integration", "Integration", "{54150CCB-1D67-416B-B219-8A8C64D76E95}"
EndProject
Project("{2150E333-8FDC-42A3-9474-1A3956D46DE8}") = "E2E", "E2E", "{38339CBB-3DE2-4239-B823-41E8660D4B71}"
EndProject
Project("{9A19103F-16F7-4668-BE54-9A1E7A4F7556}") = "IM.Domain", "src\Core\IM.Domain\IM.Domain.csproj", "{ACC1B341-7233-4318-BDDF-EB1391C518D6}"
EndProject
Project("{9A19103F-16F7-4668-BE54-9A1E7A4F7556}") = "IM.Application.Contract", "src\Core\IM.Domain.Contract\IM.Application.Contract.csproj", "{04742C99-9835-4CA3-AFC6-C8AEA343E422}"
EndProject
Project("{9A19103F-16F7-4668-BE54-9A1E7A4F7556}") = "IM.Application", "src\Core\IM.ApplicationService\IM.Application.csproj", "{8804BCF2-D87B-4928-A3C7-44BB8309127F}"
EndProject
Project("{9A19103F-16F7-4668-BE54-9A1E7A4F7556}") = "IM.Infrastructure", "src\Infrastructure\IM.Infrastructure\IM.Infrastructure.csproj", "{5D00D980-B29C-4CEA-BB58-71BA56C3B68E}"
EndProject
Project("{2150E333-8FDC-42A3-9474-1A3956D46DE8}") = "Endpoint", "Endpoint", "{0AB1BEB0-BBB9-4A59-90D1-ED6D20AD1063}"
EndProject
Project("{9A19103F-16F7-4668-BE54-9A1E7A4F7556}") = "IM.Endpoint", "src\Endpoint\IM.Endpoint\IM.Endpoint.csproj", "{01E9BEBC-CEDF-46C7-B544-042D1ED8D73F}"
EndProject
Project("{9A19103F-16F7-4668-BE54-9A1E7A4F7556}") = "IM.Tests.E2E", "tests\E2E\IM.Tests.E2E\IM.Tests.E2E.csproj", "{FC9D2A0D-22AF-4F0C-BEF0-D8DDB6BECB46}"
EndProject
Project("{9A19103F-16F7-4668-BE54-9A1E7A4F7556}") = "IM.Domain.Tests.Unit", "tests\Unit\IM.Domain.Tests.Unit\IM.Domain.Tests.Unit.csproj", "{CADD084C-A9A6-4011-9471-A6F76D8127B3}"
EndProject
Project("{9A19103F-16F7-4668-BE54-9A1E7A4F7556}") = "IM.Application.Tests.Unit", "tests\Unit\IM.Application.Tests.Unit\IM.Application.Tests.Unit.csproj", "{1D9899ED-E8BD-4ACE-93F1-2AB69FB6514A}"
EndProject
Project("{9A19103F-16F7-4668-BE54-9A1E7A4F7556}") = "IM.Endpoint.Tests.Unit", "tests\Unit\IM.Endpoint.Tests.Unit\IM.Endpoint.Tests.Unit.csproj", "{B154534E-BCC0-4C6E-BCF6-733F1629B49F}"
EndProject
Project("{9A19103F-16F7-4668-BE54-9A1E7A4F7556}") = "IM.Endpoint.Tests.Integration", "tests\Integration\IM.Endpoint.Tests.Integration\IM.Endpoint.Tests.Integration.csproj", "{9027283B-C801-4D91-979A-4A034FE169E3}"
EndProject
Project("{9A19103F-16F7-4668-BE54-9A1E7A4F7556}") = "IM.Infrastructure.Tests.Integration", "tests\Integration\IM.Infrastructure.Tests.Integration\IM.Infrastructure.Tests.Integration.csproj", "{1682D48C-4063-4408-85D6-553AB2D01F94}"
EndProject
Project("{2150E333-8FDC-42A3-9474-1A3956D46DE8}") = ".Tool", ".Tool", "{87ED5AFC-8B9B-4192-84A2-E6818E0EE018}"
EndProject
Project("{FAE04EC0-301F-11D3-BF4B-00C04F79EFBC}") = "IM.E2E.Tests", "tests\E2E\IM.E2E.Tests\IM.E2E.Tests.csproj", "{C8D56085-B69A-4E06-BB66-AF7740E6CB60}"
EndProject
Global
	GlobalSection(SolutionConfigurationPlatforms) = preSolution
		Debug|Any CPU = Debug|Any CPU
		Release|Any CPU = Release|Any CPU
	EndGlobalSection
	GlobalSection(ProjectConfigurationPlatforms) = postSolution
		{ACC1B341-7233-4318-BDDF-EB1391C518D6}.Debug|Any CPU.ActiveCfg = Debug|Any CPU
		{ACC1B341-7233-4318-BDDF-EB1391C518D6}.Debug|Any CPU.Build.0 = Debug|Any CPU
		{ACC1B341-7233-4318-BDDF-EB1391C518D6}.Release|Any CPU.ActiveCfg = Release|Any CPU
		{ACC1B341-7233-4318-BDDF-EB1391C518D6}.Release|Any CPU.Build.0 = Release|Any CPU
		{04742C99-9835-4CA3-AFC6-C8AEA343E422}.Debug|Any CPU.ActiveCfg = Debug|Any CPU
		{04742C99-9835-4CA3-AFC6-C8AEA343E422}.Debug|Any CPU.Build.0 = Debug|Any CPU
		{04742C99-9835-4CA3-AFC6-C8AEA343E422}.Release|Any CPU.ActiveCfg = Release|Any CPU
		{04742C99-9835-4CA3-AFC6-C8AEA343E422}.Release|Any CPU.Build.0 = Release|Any CPU
		{8804BCF2-D87B-4928-A3C7-44BB8309127F}.Debug|Any CPU.ActiveCfg = Debug|Any CPU
		{8804BCF2-D87B-4928-A3C7-44BB8309127F}.Debug|Any CPU.Build.0 = Debug|Any CPU
		{8804BCF2-D87B-4928-A3C7-44BB8309127F}.Release|Any CPU.ActiveCfg = Release|Any CPU
		{8804BCF2-D87B-4928-A3C7-44BB8309127F}.Release|Any CPU.Build.0 = Release|Any CPU
		{5D00D980-B29C-4CEA-BB58-71BA56C3B68E}.Debug|Any CPU.ActiveCfg = Debug|Any CPU
		{5D00D980-B29C-4CEA-BB58-71BA56C3B68E}.Debug|Any CPU.Build.0 = Debug|Any CPU
		{5D00D980-B29C-4CEA-BB58-71BA56C3B68E}.Release|Any CPU.ActiveCfg = Release|Any CPU
		{5D00D980-B29C-4CEA-BB58-71BA56C3B68E}.Release|Any CPU.Build.0 = Release|Any CPU
		{01E9BEBC-CEDF-46C7-B544-042D1ED8D73F}.Debug|Any CPU.ActiveCfg = Debug|Any CPU
		{01E9BEBC-CEDF-46C7-B544-042D1ED8D73F}.Debug|Any CPU.Build.0 = Debug|Any CPU
		{01E9BEBC-CEDF-46C7-B544-042D1ED8D73F}.Release|Any CPU.ActiveCfg = Release|Any CPU
		{01E9BEBC-CEDF-46C7-B544-042D1ED8D73F}.Release|Any CPU.Build.0 = Release|Any CPU
		{FC9D2A0D-22AF-4F0C-BEF0-D8DDB6BECB46}.Debug|Any CPU.ActiveCfg = Debug|Any CPU
		{FC9D2A0D-22AF-4F0C-BEF0-D8DDB6BECB46}.Debug|Any CPU.Build.0 = Debug|Any CPU
		{FC9D2A0D-22AF-4F0C-BEF0-D8DDB6BECB46}.Release|Any CPU.ActiveCfg = Release|Any CPU
		{FC9D2A0D-22AF-4F0C-BEF0-D8DDB6BECB46}.Release|Any CPU.Build.0 = Release|Any CPU
		{CADD084C-A9A6-4011-9471-A6F76D8127B3}.Debug|Any CPU.ActiveCfg = Debug|Any CPU
		{CADD084C-A9A6-4011-9471-A6F76D8127B3}.Debug|Any CPU.Build.0 = Debug|Any CPU
		{CADD084C-A9A6-4011-9471-A6F76D8127B3}.Release|Any CPU.ActiveCfg = Release|Any CPU
		{CADD084C-A9A6-4011-9471-A6F76D8127B3}.Release|Any CPU.Build.0 = Release|Any CPU
		{1D9899ED-E8BD-4ACE-93F1-2AB69FB6514A}.Debug|Any CPU.ActiveCfg = Debug|Any CPU
		{1D9899ED-E8BD-4ACE-93F1-2AB69FB6514A}.Debug|Any CPU.Build.0 = Debug|Any CPU
		{1D9899ED-E8BD-4ACE-93F1-2AB69FB6514A}.Release|Any CPU.ActiveCfg = Release|Any CPU
		{1D9899ED-E8BD-4ACE-93F1-2AB69FB6514A}.Release|Any CPU.Build.0 = Release|Any CPU
		{B154534E-BCC0-4C6E-BCF6-733F1629B49F}.Debug|Any CPU.ActiveCfg = Debug|Any CPU
		{B154534E-BCC0-4C6E-BCF6-733F1629B49F}.Debug|Any CPU.Build.0 = Debug|Any CPU
		{B154534E-BCC0-4C6E-BCF6-733F1629B49F}.Release|Any CPU.ActiveCfg = Release|Any CPU
		{B154534E-BCC0-4C6E-BCF6-733F1629B49F}.Release|Any CPU.Build.0 = Release|Any CPU
		{9027283B-C801-4D91-979A-4A034FE169E3}.Debug|Any CPU.ActiveCfg = Debug|Any CPU
		{9027283B-C801-4D91-979A-4A034FE169E3}.Debug|Any CPU.Build.0 = Debug|Any CPU
		{9027283B-C801-4D91-979A-4A034FE169E3}.Release|Any CPU.ActiveCfg = Release|Any CPU
		{9027283B-C801-4D91-979A-4A034FE169E3}.Release|Any CPU.Build.0 = Release|Any CPU
		{1682D48C-4063-4408-85D6-553AB2D01F94}.Debug|Any CPU.ActiveCfg = Debug|Any CPU
		{1682D48C-4063-4408-85D6-553AB2D01F94}.Debug|Any CPU.Build.0 = Debug|Any CPU
		{1682D48C-4063-4408-85D6-553AB2D01F94}.Release|Any CPU.ActiveCfg = Release|Any CPU
		{1682D48C-4063-4408-85D6-553AB2D01F94}.Release|Any CPU.Build.0 = Release|Any CPU
		{C8D56085-B69A-4E06-BB66-AF7740E6CB60}.Debug|Any CPU.ActiveCfg = Debug|Any CPU
		{C8D56085-B69A-4E06-BB66-AF7740E6CB60}.Debug|Any CPU.Build.0 = Debug|Any CPU
		{C8D56085-B69A-4E06-BB66-AF7740E6CB60}.Release|Any CPU.ActiveCfg = Release|Any CPU
		{C8D56085-B69A-4E06-BB66-AF7740E6CB60}.Release|Any CPU.Build.0 = Release|Any CPU
	EndGlobalSection
	GlobalSection(SolutionProperties) = preSolution
		HideSolutionNode = FALSE
	EndGlobalSection
	GlobalSection(NestedProjects) = preSolution
		{9555608B-E771-4715-B401-753F4C9D0CE5} = {2091A63F-A197-4395-BB09-0722C4A01152}
		{5DF1AD7D-2474-460C-B792-EEA6332F4909} = {2091A63F-A197-4395-BB09-0722C4A01152}
		{560CCBA1-85A2-4C39-89C1-23CF2D965BF3} = {CCD7C417-8F94-4406-9B39-5F6F06109F22}
		{54150CCB-1D67-416B-B219-8A8C64D76E95} = {CCD7C417-8F94-4406-9B39-5F6F06109F22}
		{38339CBB-3DE2-4239-B823-41E8660D4B71} = {CCD7C417-8F94-4406-9B39-5F6F06109F22}
		{ACC1B341-7233-4318-BDDF-EB1391C518D6} = {9555608B-E771-4715-B401-753F4C9D0CE5}
		{04742C99-9835-4CA3-AFC6-C8AEA343E422} = {9555608B-E771-4715-B401-753F4C9D0CE5}
		{8804BCF2-D87B-4928-A3C7-44BB8309127F} = {9555608B-E771-4715-B401-753F4C9D0CE5}
		{5D00D980-B29C-4CEA-BB58-71BA56C3B68E} = {5DF1AD7D-2474-460C-B792-EEA6332F4909}
		{0AB1BEB0-BBB9-4A59-90D1-ED6D20AD1063} = {2091A63F-A197-4395-BB09-0722C4A01152}
		{01E9BEBC-CEDF-46C7-B544-042D1ED8D73F} = {0AB1BEB0-BBB9-4A59-90D1-ED6D20AD1063}
		{FC9D2A0D-22AF-4F0C-BEF0-D8DDB6BECB46} = {38339CBB-3DE2-4239-B823-41E8660D4B71}
		{CADD084C-A9A6-4011-9471-A6F76D8127B3} = {560CCBA1-85A2-4C39-89C1-23CF2D965BF3}
		{1D9899ED-E8BD-4ACE-93F1-2AB69FB6514A} = {560CCBA1-85A2-4C39-89C1-23CF2D965BF3}
		{B154534E-BCC0-4C6E-BCF6-733F1629B49F} = {560CCBA1-85A2-4C39-89C1-23CF2D965BF3}
		{9027283B-C801-4D91-979A-4A034FE169E3} = {54150CCB-1D67-416B-B219-8A8C64D76E95}
		{1682D48C-4063-4408-85D6-553AB2D01F94} = {54150CCB-1D67-416B-B219-8A8C64D76E95}
		{87ED5AFC-8B9B-4192-84A2-E6818E0EE018} = {CCD7C417-8F94-4406-9B39-5F6F06109F22}
		{C8D56085-B69A-4E06-BB66-AF7740E6CB60} = {38339CBB-3DE2-4239-B823-41E8660D4B71}
	EndGlobalSection
	GlobalSection(ExtensibilityGlobals) = postSolution
		SolutionGuid = {EE3B99E5-70BF-41CB-AE73-D813C41F69C7}
	EndGlobalSection
EndGlobal
